
Microsoft Visual Studio Solution File, Format Version 12.00
# Visual Studio Version 17
VisualStudioVersion = 17.7.34031.279
MinimumVisualStudioVersion = 10.0.40219.1
Project("{F184B08F-C81C-45F6-A57F-5ABD9991F28F}") = "Test", "Test\Test.vbproj", "{C20F3A3B-9FA7-44B1-A90C-A35EF1C4EB47}"
EndProject
Global
	GlobalSection(SolutionConfigurationPlatforms) = preSolution
		Debug|Any CPU = Debug|Any CPU
		Release|Any CPU = Release|Any CPU
	EndGlobalSection
	GlobalSection(ProjectConfigurationPlatforms) = postSolution
		{C20F3A3B-9FA7-44B1-A90C-A35EF1C4EB47}.Debug|Any CPU.ActiveCfg = Debug|Any CPU
		{C20F3A3B-9FA7-44B1-A90C-A35EF1C4EB47}.Debug|Any CPU.Build.0 = Debug|Any CPU
		{C20F3A3B-9FA7-44B1-A90C-A35EF1C4EB47}.Release|Any CPU.ActiveCfg = Release|Any CPU
		{C20F3A3B-9FA7-44B1-A90C-A35EF1C4EB47}.Release|Any CPU.Build.0 = Release|Any CPU
	EndGlobalSection
	GlobalSection(SolutionProperties) = preSolution
		HideSolutionNode = FALSE
	EndGlobalSection
	GlobalSection(ExtensibilityGlobals) = postSolution
		SolutionGuid = {6662148D-2969-42C5-9F0A-33055E7DF752}
	EndGlobalSection
EndGlobal
